
Microsoft Visual Studio Solution File, Format Version 12.00
# Visual Studio 2013
VisualStudioVersion = 12.0.21005.1
MinimumVisualStudioVersion = 10.0.40219.1
Project("{FAE04EC0-301F-11D3-BF4B-00C04F79EFBC}") = "CSLight", "CSLight\CSLight.csproj", "{CE211682-B7E0-450A-821C-72E1DA78390E}"
EndProject
Project("{FAE04EC0-301F-11D3-BF4B-00C04F79EFBC}") = "CLScriptTestor", "CLScriptTestor\CLScriptTestor.csproj", "{76074628-FC6D-4B22-B3FA-BFCD879DAE16}"
EndProject
Project("{FAE04EC0-301F-11D3-BF4B-00C04F79EFBC}") = "CSLightFramework", "CSLightFramework\CSLightFramework.csproj", "{8F113F97-6D3C-450B-AEC3-9B4A6BB8EED0}"
EndProject
Project("{FAE04EC0-301F-11D3-BF4B-00C04F79EFBC}") = "CSLightFrameworkDemo", "CSLightFrameworkDemo\CSLightFrameworkDemo.csproj", "{4A3027F9-BFFE-4C2F-A501-CD5C313D8759}"
EndProject
Project("{FAE04EC0-301F-11D3-BF4B-00C04F79EFBC}") = "WPEval", "WPEval\WPEval.csproj", "{DA61EFAE-1214-42D1-94F7-4E00D9E7ED98}"
EndProject
Project("{FAE04EC0-301F-11D3-BF4B-00C04F79EFBC}") = "PortableCLScript", "CSLight\PortableCLScript.csproj", "{ABB0F989-980E-47DE-B817-3E7226F823A0}"
EndProject
Project("{FAE04EC0-301F-11D3-BF4B-00C04F79EFBC}") = "PCEval", "PCEval\PCEval.csproj", "{484EA78F-5E84-490F-A9A3-1DF07BC14D82}"
EndProject
Project("{2150E333-8FDC-42A3-9474-1A3956D46DE8}") = "Core", "Core", "{0001D40A-92FF-4AC1-B93B-7E76E12850E8}"
EndProject
Project("{2150E333-8FDC-42A3-9474-1A3956D46DE8}") = "Framework", "Framework", "{D7D7DD7A-FCD2-4E5A-B096-35F60B032616}"
EndProject
Project("{2150E333-8FDC-42A3-9474-1A3956D46DE8}") = "Eval", "Eval", "{99ABDB2A-0949-4835-85B3-075038B15FE3}"
EndProject
Project("{FAE04EC0-301F-11D3-BF4B-00C04F79EFBC}") = "PortableCSLightFramework", "CSLightFramework\PortableCSLightFramework.csproj", "{71068687-853F-477A-BB5B-B65C5F3ABD39}"
EndProject
Global
	GlobalSection(SolutionConfigurationPlatforms) = preSolution
		Debug|Any CPU = Debug|Any CPU
		Debug|ARM = Debug|ARM
		Debug|x86 = Debug|x86
		Release|Any CPU = Release|Any CPU
		Release|ARM = Release|ARM
		Release|x86 = Release|x86
	EndGlobalSection
	GlobalSection(ProjectConfigurationPlatforms) = postSolution
		{CE211682-B7E0-450A-821C-72E1DA78390E}.Debug|Any CPU.ActiveCfg = Debug|Any CPU
		{CE211682-B7E0-450A-821C-72E1DA78390E}.Debug|Any CPU.Build.0 = Debug|Any CPU
		{CE211682-B7E0-450A-821C-72E1DA78390E}.Debug|ARM.ActiveCfg = Debug|Any CPU
		{CE211682-B7E0-450A-821C-72E1DA78390E}.Debug|x86.ActiveCfg = Debug|Any CPU
		{CE211682-B7E0-450A-821C-72E1DA78390E}.Release|Any CPU.ActiveCfg = Release|Any CPU
		{CE211682-B7E0-450A-821C-72E1DA78390E}.Release|Any CPU.Build.0 = Release|Any CPU
		{CE211682-B7E0-450A-821C-72E1DA78390E}.Release|ARM.ActiveCfg = Release|Any CPU
		{CE211682-B7E0-450A-821C-72E1DA78390E}.Release|x86.ActiveCfg = Release|Any CPU
		{76074628-FC6D-4B22-B3FA-BFCD879DAE16}.Debug|Any CPU.ActiveCfg = Debug|Any CPU
		{76074628-FC6D-4B22-B3FA-BFCD879DAE16}.Debug|Any CPU.Build.0 = Debug|Any CPU
		{76074628-FC6D-4B22-B3FA-BFCD879DAE16}.Debug|ARM.ActiveCfg = Debug|Any CPU
		{76074628-FC6D-4B22-B3FA-BFCD879DAE16}.Debug|x86.ActiveCfg = Debug|Any CPU
		{76074628-FC6D-4B22-B3FA-BFCD879DAE16}.Release|Any CPU.ActiveCfg = Release|Any CPU
		{76074628-FC6D-4B22-B3FA-BFCD879DAE16}.Release|Any CPU.Build.0 = Release|Any CPU
		{76074628-FC6D-4B22-B3FA-BFCD879DAE16}.Release|ARM.ActiveCfg = Release|Any CPU
		{76074628-FC6D-4B22-B3FA-BFCD879DAE16}.Release|x86.ActiveCfg = Release|Any CPU
		{8F113F97-6D3C-450B-AEC3-9B4A6BB8EED0}.Debug|Any CPU.ActiveCfg = Debug|Any CPU
		{8F113F97-6D3C-450B-AEC3-9B4A6BB8EED0}.Debug|Any CPU.Build.0 = Debug|Any CPU
		{8F113F97-6D3C-450B-AEC3-9B4A6BB8EED0}.Debug|ARM.ActiveCfg = Debug|Any CPU
		{8F113F97-6D3C-450B-AEC3-9B4A6BB8EED0}.Debug|x86.ActiveCfg = Debug|Any CPU
		{8F113F97-6D3C-450B-AEC3-9B4A6BB8EED0}.Release|Any CPU.ActiveCfg = Release|Any CPU
		{8F113F97-6D3C-450B-AEC3-9B4A6BB8EED0}.Release|Any CPU.Build.0 = Release|Any CPU
		{8F113F97-6D3C-450B-AEC3-9B4A6BB8EED0}.Release|ARM.ActiveCfg = Release|Any CPU
		{8F113F97-6D3C-450B-AEC3-9B4A6BB8EED0}.Release|x86.ActiveCfg = Release|Any CPU
		{4A3027F9-BFFE-4C2F-A501-CD5C313D8759}.Debug|Any CPU.ActiveCfg = Debug|Any CPU
		{4A3027F9-BFFE-4C2F-A501-CD5C313D8759}.Debug|Any CPU.Build.0 = Debug|Any CPU
		{4A3027F9-BFFE-4C2F-A501-CD5C313D8759}.Debug|ARM.ActiveCfg = Debug|Any CPU
		{4A3027F9-BFFE-4C2F-A501-CD5C313D8759}.Debug|x86.ActiveCfg = Debug|Any CPU
		{4A3027F9-BFFE-4C2F-A501-CD5C313D8759}.Release|Any CPU.ActiveCfg = Release|Any CPU
		{4A3027F9-BFFE-4C2F-A501-CD5C313D8759}.Release|Any CPU.Build.0 = Release|Any CPU
		{4A3027F9-BFFE-4C2F-A501-CD5C313D8759}.Release|ARM.ActiveCfg = Release|Any CPU
		{4A3027F9-BFFE-4C2F-A501-CD5C313D8759}.Release|x86.ActiveCfg = Release|Any CPU
		{DA61EFAE-1214-42D1-94F7-4E00D9E7ED98}.Debug|Any CPU.ActiveCfg = Debug|Any CPU
		{DA61EFAE-1214-42D1-94F7-4E00D9E7ED98}.Debug|Any CPU.Build.0 = Debug|Any CPU
		{DA61EFAE-1214-42D1-94F7-4E00D9E7ED98}.Debug|Any CPU.Deploy.0 = Debug|Any CPU
		{DA61EFAE-1214-42D1-94F7-4E00D9E7ED98}.Debug|ARM.ActiveCfg = Debug|ARM
		{DA61EFAE-1214-42D1-94F7-4E00D9E7ED98}.Debug|ARM.Build.0 = Debug|ARM
		{DA61EFAE-1214-42D1-94F7-4E00D9E7ED98}.Debug|ARM.Deploy.0 = Debug|ARM
		{DA61EFAE-1214-42D1-94F7-4E00D9E7ED98}.Debug|x86.ActiveCfg = Debug|x86
		{DA61EFAE-1214-42D1-94F7-4E00D9E7ED98}.Debug|x86.Build.0 = Debug|x86
		{DA61EFAE-1214-42D1-94F7-4E00D9E7ED98}.Debug|x86.Deploy.0 = Debug|x86
		{DA61EFAE-1214-42D1-94F7-4E00D9E7ED98}.Release|Any CPU.ActiveCfg = Release|Any CPU
		{DA61EFAE-1214-42D1-94F7-4E00D9E7ED98}.Release|Any CPU.Build.0 = Release|Any CPU
		{DA61EFAE-1214-42D1-94F7-4E00D9E7ED98}.Release|Any CPU.Deploy.0 = Release|Any CPU
		{DA61EFAE-1214-42D1-94F7-4E00D9E7ED98}.Release|ARM.ActiveCfg = Release|ARM
		{DA61EFAE-1214-42D1-94F7-4E00D9E7ED98}.Release|ARM.Build.0 = Release|ARM
		{DA61EFAE-1214-42D1-94F7-4E00D9E7ED98}.Release|ARM.Deploy.0 = Release|ARM
		{DA61EFAE-1214-42D1-94F7-4E00D9E7ED98}.Release|x86.ActiveCfg = Release|x86
		{DA61EFAE-1214-42D1-94F7-4E00D9E7ED98}.Release|x86.Build.0 = Release|x86
		{DA61EFAE-1214-42D1-94F7-4E00D9E7ED98}.Release|x86.Deploy.0 = Release|x86
		{ABB0F989-980E-47DE-B817-3E7226F823A0}.Debug|Any CPU.ActiveCfg = Debug|Any CPU
		{ABB0F989-980E-47DE-B817-3E7226F823A0}.Debug|Any CPU.Build.0 = Debug|Any CPU
		{ABB0F989-980E-47DE-B817-3E7226F823A0}.Debug|ARM.ActiveCfg = Debug|Any CPU
		{ABB0F989-980E-47DE-B817-3E7226F823A0}.Debug|x86.ActiveCfg = Debug|Any CPU
		{ABB0F989-980E-47DE-B817-3E7226F823A0}.Release|Any CPU.ActiveCfg = Release|Any CPU
		{ABB0F989-980E-47DE-B817-3E7226F823A0}.Release|Any CPU.Build.0 = Release|Any CPU
		{ABB0F989-980E-47DE-B817-3E7226F823A0}.Release|ARM.ActiveCfg = Release|Any CPU
		{ABB0F989-980E-47DE-B817-3E7226F823A0}.Release|x86.ActiveCfg = Release|Any CPU
		{484EA78F-5E84-490F-A9A3-1DF07BC14D82}.Debug|Any CPU.ActiveCfg = Debug|Any CPU
		{484EA78F-5E84-490F-A9A3-1DF07BC14D82}.Debug|Any CPU.Build.0 = Debug|Any CPU
		{484EA78F-5E84-490F-A9A3-1DF07BC14D82}.Debug|ARM.ActiveCfg = Debug|Any CPU
		{484EA78F-5E84-490F-A9A3-1DF07BC14D82}.Debug|x86.ActiveCfg = Debug|Any CPU
		{484EA78F-5E84-490F-A9A3-1DF07BC14D82}.Release|Any CPU.ActiveCfg = Release|Any CPU
		{484EA78F-5E84-490F-A9A3-1DF07BC14D82}.Release|Any CPU.Build.0 = Release|Any CPU
		{484EA78F-5E84-490F-A9A3-1DF07BC14D82}.Release|ARM.ActiveCfg = Release|Any CPU
		{484EA78F-5E84-490F-A9A3-1DF07BC14D82}.Release|x86.ActiveCfg = Release|Any CPU
		{71068687-853F-477A-BB5B-B65C5F3ABD39}.Debug|Any CPU.ActiveCfg = Debug|Any CPU
		{71068687-853F-477A-BB5B-B65C5F3ABD39}.Debug|Any CPU.Build.0 = Debug|Any CPU
		{71068687-853F-477A-BB5B-B65C5F3ABD39}.Debug|ARM.ActiveCfg = Debug|Any CPU
		{71068687-853F-477A-BB5B-B65C5F3ABD39}.Debug|x86.ActiveCfg = Debug|Any CPU
		{71068687-853F-477A-BB5B-B65C5F3ABD39}.Release|Any CPU.ActiveCfg = Release|Any CPU
		{71068687-853F-477A-BB5B-B65C5F3ABD39}.Release|Any CPU.Build.0 = Release|Any CPU
		{71068687-853F-477A-BB5B-B65C5F3ABD39}.Release|ARM.ActiveCfg = Release|Any CPU
		{71068687-853F-477A-BB5B-B65C5F3ABD39}.Release|x86.ActiveCfg = Release|Any CPU
	EndGlobalSection
	GlobalSection(SolutionProperties) = preSolution
		HideSolutionNode = FALSE
	EndGlobalSection
	GlobalSection(NestedProjects) = preSolution
		{CE211682-B7E0-450A-821C-72E1DA78390E} = {0001D40A-92FF-4AC1-B93B-7E76E12850E8}
		{76074628-FC6D-4B22-B3FA-BFCD879DAE16} = {0001D40A-92FF-4AC1-B93B-7E76E12850E8}
		{ABB0F989-980E-47DE-B817-3E7226F823A0} = {0001D40A-92FF-4AC1-B93B-7E76E12850E8}
		{4A3027F9-BFFE-4C2F-A501-CD5C313D8759} = {D7D7DD7A-FCD2-4E5A-B096-35F60B032616}
		{8F113F97-6D3C-450B-AEC3-9B4A6BB8EED0} = {D7D7DD7A-FCD2-4E5A-B096-35F60B032616}
		{71068687-853F-477A-BB5B-B65C5F3ABD39} = {D7D7DD7A-FCD2-4E5A-B096-35F60B032616}
		{DA61EFAE-1214-42D1-94F7-4E00D9E7ED98} = {99ABDB2A-0949-4835-85B3-075038B15FE3}
		{484EA78F-5E84-490F-A9A3-1DF07BC14D82} = {99ABDB2A-0949-4835-85B3-075038B15FE3}
	EndGlobalSection
EndGlobal
