Microsoft Visual Studio Solution File, Format Version 11.00
# Visual Studio 2008

Project("{67576DD5-F60E-68B0-80B1-6CB85549DCA7}") = "MonoBehaviour", "Assembly-CSharp-vs.csproj", "{A9A35779-676F-8D3D-7038-9A7F4871487D}"
EndProject
Global
	GlobalSection(SolutionConfigurationPlatforms) = preSolution
		Debug|Any CPU = Debug|Any CPU
		Release|Any CPU = Release|Any CPU
	EndGlobalSection
	GlobalSection(ProjectConfigurationPlatforms) = postSolution
		{A9A35779-676F-8D3D-7038-9A7F4871487D}.Debug|Any CPU.ActiveCfg = Debug|Any CPU
		{A9A35779-676F-8D3D-7038-9A7F4871487D}.Debug|Any CPU.Build.0 = Debug|Any CPU
		{A9A35779-676F-8D3D-7038-9A7F4871487D}.Release|Any CPU.ActiveCfg = Release|Any CPU
		{A9A35779-676F-8D3D-7038-9A7F4871487D}.Release|Any CPU.Build.0 = Release|Any CPU
	EndGlobalSection
	GlobalSection(SolutionProperties) = preSolution
		HideSolutionNode = FALSE
	EndGlobalSection
													GlobalSection(MonoDevelopProperties) = preSolution
		StartupItem = Assembly-CSharp.csproj
		Policies = $0
		$0.TextStylePolicy = $1
		$1.inheritsSet = null
		$1.scope = text/x-csharp
		$0.CSharpFormattingPolicy = $2
		$2.inheritsSet = Mono
		$2.inheritsScope = text/x-csharp
		$2.scope = text/x-csharp
		$0.TextStylePolicy = $3
		$3.FileWidth = 120
		$3.TabWidth = 4
		$3.EolMarker = Unix
		$3.inheritsSet = Mono
		$3.inheritsScope = text/plain
		$3.scope = text/plain
	EndGlobalSection

EndGlobal
