
Microsoft Visual Studio Solution File, Format Version 12.00
# Visual Studio 2013
VisualStudioVersion = 12.0.21005.1
MinimumVisualStudioVersion = 10.0.40219.1
Project("{FAE04EC0-301F-11D3-BF4B-00C04F79EFBC}") = "CLScriptTestor", "CLScriptTestor.csproj", "{76074628-FC6D-4B22-B3FA-BFCD879DAE16}"
EndProject
Project("{FAE04EC0-301F-11D3-BF4B-00C04F79EFBC}") = "CLScript", "..\CLScript\CLScript.csproj", "{CE211682-B7E0-450A-821C-72E1DA78390E}"
EndProject
Project("{FAE04EC0-301F-11D3-BF4B-00C04F79EFBC}") = "MiniTester", "..\MiniTester\MiniTester.csproj", "{3A627E43-20A7-4FDF-9CD8-1DF23163A791}"
EndProject
Global
	GlobalSection(SubversionScc) = preSolution
		Svn-Managed = True
		Manager = AnkhSVN - Subversion Support for Visual Studio
	EndGlobalSection
	GlobalSection(SolutionConfigurationPlatforms) = preSolution
		Debug|Any CPU = Debug|Any CPU
		Release|Any CPU = Release|Any CPU
	EndGlobalSection
	GlobalSection(ProjectConfigurationPlatforms) = postSolution
		{76074628-FC6D-4B22-B3FA-BFCD879DAE16}.Debug|Any CPU.ActiveCfg = Debug|Any CPU
		{76074628-FC6D-4B22-B3FA-BFCD879DAE16}.Debug|Any CPU.Build.0 = Debug|Any CPU
		{76074628-FC6D-4B22-B3FA-BFCD879DAE16}.Release|Any CPU.ActiveCfg = Release|Any CPU
		{76074628-FC6D-4B22-B3FA-BFCD879DAE16}.Release|Any CPU.Build.0 = Release|Any CPU
		{CE211682-B7E0-450A-821C-72E1DA78390E}.Debug|Any CPU.ActiveCfg = Debug|Any CPU
		{CE211682-B7E0-450A-821C-72E1DA78390E}.Debug|Any CPU.Build.0 = Debug|Any CPU
		{CE211682-B7E0-450A-821C-72E1DA78390E}.Release|Any CPU.ActiveCfg = Release|Any CPU
		{CE211682-B7E0-450A-821C-72E1DA78390E}.Release|Any CPU.Build.0 = Release|Any CPU
		{3A627E43-20A7-4FDF-9CD8-1DF23163A791}.Debug|Any CPU.ActiveCfg = Debug|Any CPU
		{3A627E43-20A7-4FDF-9CD8-1DF23163A791}.Debug|Any CPU.Build.0 = Debug|Any CPU
		{3A627E43-20A7-4FDF-9CD8-1DF23163A791}.Release|Any CPU.ActiveCfg = Release|Any CPU
		{3A627E43-20A7-4FDF-9CD8-1DF23163A791}.Release|Any CPU.Build.0 = Release|Any CPU
	EndGlobalSection
	GlobalSection(SolutionProperties) = preSolution
		HideSolutionNode = FALSE
	EndGlobalSection
EndGlobal
