
Microsoft Visual Studio Solution File, Format Version 12.00
# Visual Studio 2013
VisualStudioVersion = 12.0.21005.1
MinimumVisualStudioVersion = 10.0.40219.1
Project("{FAE04EC0-301F-11D3-BF4B-00C04F79EFBC}") = "CSLightDebugger_Wpf", "CSLightDebugger_Wpf\CSLightDebugger_Wpf.csproj", "{68B84DF8-8176-4D11-9390-733A0A551FD0}"
EndProject
Project("{FAE04EC0-301F-11D3-BF4B-00C04F79EFBC}") = "ICSharpCode.AvalonEdit", "avalonEdit\ICSharpCode.AvalonEdit\ICSharpCode.AvalonEdit.csproj", "{6C55B776-26D4-4DB3-A6AB-87E783B2F3D1}"
EndProject
Project("{FAE04EC0-301F-11D3-BF4B-00C04F79EFBC}") = "AvalonEdit.Sample", "avalonEdit\AvalonEdit.Sample\AvalonEdit.Sample.csproj", "{13A5B497-BA12-45AE-9033-22620C3153FB}"
EndProject
Project("{FAE04EC0-301F-11D3-BF4B-00C04F79EFBC}") = "CSLightEvil", "..\..\core\CSLightEvil\CSLightEvil.csproj", "{A750AA17-E057-4C4A-9D79-BE4F81BC7765}"
EndProject
Project("{FAE04EC0-301F-11D3-BF4B-00C04F79EFBC}") = "CSLightEvilRemote", "CSLightEvilRemote\CSLightEvilRemote.csproj", "{61BEF52D-254C-40B9-88B2-B3292BB91AAF}"
EndProject
Global
	GlobalSection(SolutionConfigurationPlatforms) = preSolution
		Debug|Any CPU = Debug|Any CPU
		Debug|x86 = Debug|x86
		Release|Any CPU = Release|Any CPU
		Release|x86 = Release|x86
	EndGlobalSection
	GlobalSection(ProjectConfigurationPlatforms) = postSolution
		{68B84DF8-8176-4D11-9390-733A0A551FD0}.Debug|Any CPU.ActiveCfg = Debug|Any CPU
		{68B84DF8-8176-4D11-9390-733A0A551FD0}.Debug|Any CPU.Build.0 = Debug|Any CPU
		{68B84DF8-8176-4D11-9390-733A0A551FD0}.Debug|x86.ActiveCfg = Debug|Any CPU
		{68B84DF8-8176-4D11-9390-733A0A551FD0}.Release|Any CPU.ActiveCfg = Release|Any CPU
		{68B84DF8-8176-4D11-9390-733A0A551FD0}.Release|Any CPU.Build.0 = Release|Any CPU
		{68B84DF8-8176-4D11-9390-733A0A551FD0}.Release|x86.ActiveCfg = Release|Any CPU
		{6C55B776-26D4-4DB3-A6AB-87E783B2F3D1}.Debug|Any CPU.ActiveCfg = Debug|Any CPU
		{6C55B776-26D4-4DB3-A6AB-87E783B2F3D1}.Debug|Any CPU.Build.0 = Debug|Any CPU
		{6C55B776-26D4-4DB3-A6AB-87E783B2F3D1}.Debug|x86.ActiveCfg = Debug|Any CPU
		{6C55B776-26D4-4DB3-A6AB-87E783B2F3D1}.Release|Any CPU.ActiveCfg = Release|Any CPU
		{6C55B776-26D4-4DB3-A6AB-87E783B2F3D1}.Release|Any CPU.Build.0 = Release|Any CPU
		{6C55B776-26D4-4DB3-A6AB-87E783B2F3D1}.Release|x86.ActiveCfg = Release|Any CPU
		{13A5B497-BA12-45AE-9033-22620C3153FB}.Debug|Any CPU.ActiveCfg = Debug|Any CPU
		{13A5B497-BA12-45AE-9033-22620C3153FB}.Debug|Any CPU.Build.0 = Debug|Any CPU
		{13A5B497-BA12-45AE-9033-22620C3153FB}.Debug|x86.ActiveCfg = Debug|x86
		{13A5B497-BA12-45AE-9033-22620C3153FB}.Debug|x86.Build.0 = Debug|x86
		{13A5B497-BA12-45AE-9033-22620C3153FB}.Release|Any CPU.ActiveCfg = Release|Any CPU
		{13A5B497-BA12-45AE-9033-22620C3153FB}.Release|Any CPU.Build.0 = Release|Any CPU
		{13A5B497-BA12-45AE-9033-22620C3153FB}.Release|x86.ActiveCfg = Release|x86
		{13A5B497-BA12-45AE-9033-22620C3153FB}.Release|x86.Build.0 = Release|x86
		{A750AA17-E057-4C4A-9D79-BE4F81BC7765}.Debug|Any CPU.ActiveCfg = Debug|Any CPU
		{A750AA17-E057-4C4A-9D79-BE4F81BC7765}.Debug|Any CPU.Build.0 = Debug|Any CPU
		{A750AA17-E057-4C4A-9D79-BE4F81BC7765}.Debug|x86.ActiveCfg = Debug|Any CPU
		{A750AA17-E057-4C4A-9D79-BE4F81BC7765}.Release|Any CPU.ActiveCfg = Release|Any CPU
		{A750AA17-E057-4C4A-9D79-BE4F81BC7765}.Release|Any CPU.Build.0 = Release|Any CPU
		{A750AA17-E057-4C4A-9D79-BE4F81BC7765}.Release|x86.ActiveCfg = Release|Any CPU
		{61BEF52D-254C-40B9-88B2-B3292BB91AAF}.Debug|Any CPU.ActiveCfg = Debug|Any CPU
		{61BEF52D-254C-40B9-88B2-B3292BB91AAF}.Debug|Any CPU.Build.0 = Debug|Any CPU
		{61BEF52D-254C-40B9-88B2-B3292BB91AAF}.Debug|x86.ActiveCfg = Debug|Any CPU
		{61BEF52D-254C-40B9-88B2-B3292BB91AAF}.Release|Any CPU.ActiveCfg = Release|Any CPU
		{61BEF52D-254C-40B9-88B2-B3292BB91AAF}.Release|Any CPU.Build.0 = Release|Any CPU
		{61BEF52D-254C-40B9-88B2-B3292BB91AAF}.Release|x86.ActiveCfg = Release|Any CPU
	EndGlobalSection
	GlobalSection(SolutionProperties) = preSolution
		HideSolutionNode = FALSE
	EndGlobalSection
EndGlobal
